{
    "name": "TypeScript_Study",
    "lockfileVersion": 2,
    "requires": true,
    "packages": {
        "": {
            "dependencies": {
                "@types/reflect-metadata": "^0.1.0",
                "fp-ts": "^2.12.3",
                "reflect-metadata": "^0.1.13"
            },
            "devDependencies": {
                "@types/node": "^18.11.0"
            }
        },
        "node_modules/@types/node": {
            "version": "18.11.0",
            "resolved": "https://registry.npmjs.org/@types/node/-/node-18.11.0.tgz",
            "integrity": "sha512-IOXCvVRToe7e0ny7HpT/X9Rb2RYtElG1a+VshjwT00HxrM2dWBApHQoqsI6WiY7Q03vdf2bCrIGzVrkF/5t10w==",
            "dev": true
        },
        "node_modules/@types/reflect-metadata": {
            "version": "0.1.0",
            "deprecated": "This is a stub types definition for reflect-metadata (https://github.com/rbuckton/ReflectDecorators). reflect-metadata provides its own type definitions, so you don't need @types/reflect-metadata installed!",
            "license": "MIT",
            "dependencies": {
                "reflect-metadata": "*"
            }
        },
        "node_modules/fp-ts": {
            "version": "2.12.3",
            "resolved": "https://registry.npmjs.org/fp-ts/-/fp-ts-2.12.3.tgz",
            "integrity": "sha512-8m0XvW8kZbfnJOA4NvSVXu95mLbPf4LQGwQyqVukIYS4KzSNJiyKSmuZUmbVHteUi6MGkAJGPb0goPZqI+Tsqg=="
        },
        "node_modules/reflect-metadata": {
            "version": "0.1.13",
            "license": "Apache-2.0"
        }
    },
    "dependencies": {
        "@types/node": {
            "version": "18.11.0",
            "resolved": "https://registry.npmjs.org/@types/node/-/node-18.11.0.tgz",
            "integrity": "sha512-IOXCvVRToe7e0ny7HpT/X9Rb2RYtElG1a+VshjwT00HxrM2dWBApHQoqsI6WiY7Q03vdf2bCrIGzVrkF/5t10w==",
            "dev": true
        },
        "@types/reflect-metadata": {
            "version": "0.1.0",
            "requires": {
                "reflect-metadata": "*"
            }
        },
        "fp-ts": {
            "version": "2.12.3",
            "resolved": "https://registry.npmjs.org/fp-ts/-/fp-ts-2.12.3.tgz",
            "integrity": "sha512-8m0XvW8kZbfnJOA4NvSVXu95mLbPf4LQGwQyqVukIYS4KzSNJiyKSmuZUmbVHteUi6MGkAJGPb0goPZqI+Tsqg=="
        },
        "reflect-metadata": {
            "version": "0.1.13"
        }
    }
}
